
Microsoft Visual Studio Solution File, Format Version 12.00
# Visual Studio Version 16
VisualStudioVersion = 16.0.29123.88
MinimumVisualStudioVersion = 10.0.40219.1
Project("{FAE04EC0-301F-11D3-BF4B-00C04F79EFBC}") = "Switch Statements", "Switch Statements\Switch Statements.csproj", "{BC3F6C2D-4C5F-4C24-8F2E-F95CEAFA3121}"
EndProject
Global
	GlobalSection(SolutionConfigurationPlatforms) = preSolution
		Debug|Any CPU = Debug|Any CPU
		Release|Any CPU = Release|Any CPU
	EndGlobalSection
	GlobalSection(ProjectConfigurationPlatforms) = postSolution
		{BC3F6C2D-4C5F-4C24-8F2E-F95CEAFA3121}.Debug|Any CPU.ActiveCfg = Debug|Any CPU
		{BC3F6C2D-4C5F-4C24-8F2E-F95CEAFA3121}.Debug|Any CPU.Build.0 = Debug|Any CPU
		{BC3F6C2D-4C5F-4C24-8F2E-F95CEAFA3121}.Release|Any CPU.ActiveCfg = Release|Any CPU
		{BC3F6C2D-4C5F-4C24-8F2E-F95CEAFA3121}.Release|Any CPU.Build.0 = Release|Any CPU
	EndGlobalSection
	GlobalSection(SolutionProperties) = preSolution
		HideSolutionNode = FALSE
	EndGlobalSection
	GlobalSection(ExtensibilityGlobals) = postSolution
		SolutionGuid = {1317A9EB-5FB6-4504-AE2D-10C3A71FF5B3}
	EndGlobalSection
EndGlobal
